<?xml version="1.0" encoding="utf-8"?>
<Project ToolsVersion="4.0" xmlns="http://schemas.microsoft.com/developer/msbuild/2003">
  <ItemGroup>
    <Filter Include="Quelldateien">
      <UniqueIdentifier>{4FC737F1-C7A5-4376-A066-2A32D752A2FF}</UniqueIdentifier>
      <Extensions>cpp;c;cc;cxx;c++;cppm;ixx;def;odl;idl;hpj;bat;asm;asmx</Extensions>
    </Filter>
    <Filter Include="Headerdateien">
      <UniqueIdentifier>{93995380-89BD-4b04-88EB-625FBE52EBFB}</UniqueIdentifier>
      <Extensions>h;hh;hpp;hxx;h++;hm;inl;inc;ipp;xsd</Extensions>
    </Filter>
    <Filter Include="Ressourcendateien">
      <UniqueIdentifier>{67DA6AB6-F800-4c08-8B7A-83BB121AAD01}</UniqueIdentifier>
      <Extensions>rc;ico;cur;bmp;dlg;rc2;rct;bin;rgs;gif;jpg;jpeg;jpe;resx;tiff;tif;png;wav;mfcribbon-ms</Extensions>
    </Filter>
    <Filter Include="Quelldateien\Graphics">
      <UniqueIdentifier>{1c2fffc3-9594-4d16-82c0-1a44ef265e5e}</UniqueIdentifier>
    </Filter>
    <Filter Include="Headerdateien\Graphics">
      <UniqueIdentifier>{baf8212d-8368-43b4-9279-172d2850c248}</UniqueIdentifier>
    </Filter>
    <Filter Include="Headerdateien\Time">
      <UniqueIdentifier>{ff23f223-5033-41f7-b551-a04fae9bba97}</UniqueIdentifier>
    </Filter>
    <Filter Include="Quelldateien\Time">
      <UniqueIdentifier>{02860383-c096-402e-8807-bb1b61d066a8}</UniqueIdentifier>
    </Filter>
    <Filter Include="Headerdateien\System">
      <UniqueIdentifier>{2df3b0b5-5c4b-495c-8969-32785decf562}</UniqueIdentifier>
    </Filter>
    <Filter Include="Quelldateien\System">
      <UniqueIdentifier>{74aa02cd-8da1-4bff-a31f-9fac56ac511e}</UniqueIdentifier>
    </Filter>
    <Filter Include="Headerdateien\Physics">
      <UniqueIdentifier>{a673fd4d-da64-49b6-a21f-d01cbc1018ba}</UniqueIdentifier>
    </Filter>
    <Filter Include="Quelldateien\Physics">
      <UniqueIdentifier>{cc65cc96-4b0f-4325-8ce6-ab228dd1e860}</UniqueIdentifier>
    </Filter>
  </ItemGroup>
  <ItemGroup>
    <ClCompile Include="main.cpp">
      <Filter>Quelldateien</Filter>
    </ClCompile>
    <ClCompile Include="SpriteObject.cpp">
      <Filter>Quelldateien\Graphics</Filter>
    </ClCompile>
    <ClCompile Include="GameTime.cpp">
      <Filter>Quelldateien\Time</Filter>
    </ClCompile>
    <ClCompile Include="Scene.cpp">
      <Filter>Quelldateien\System</Filter>
    </ClCompile>
    <ClCompile Include="TestSzene.cpp">
      <Filter>Quelldateien</Filter>
    </ClCompile>
    <ClCompile Include="TextObject.cpp">
      <Filter>Quelldateien\Graphics</Filter>
    </ClCompile>
    <ClCompile Include="BaseObject.cpp">
      <Filter>Quelldateien\Graphics</Filter>
    </ClCompile>
    <ClCompile Include="CircleShapeObject.cpp">
      <Filter>Quelldateien\Graphics</Filter>
    </ClCompile>
    <ClCompile Include="BlueChicken.cpp">
      <Filter>Quelldateien</Filter>
    </ClCompile>
    <ClCompile Include="GameEngine.cpp">
      <Filter>Quelldateien\System</Filter>
    </ClCompile>
    <ClCompile Include="PhysicWorld.cpp">
      <Filter>Quelldateien\Physics</Filter>
    </ClCompile>
    <ClCompile Include="TestPhyiscs.cpp">
      <Filter>Quelldateien</Filter>
    </ClCompile>
  </ItemGroup>
  <ItemGroup>
    <ClInclude Include="SpriteObject.h">
      <Filter>Headerdateien\Graphics</Filter>
    </ClInclude>
    <ClInclude Include="Scene.h">
      <Filter>Headerdateien\System</Filter>
    </ClInclude>
    <ClInclude Include="GameTime.h">
      <Filter>Headerdateien\Time</Filter>
    </ClInclude>
    <ClInclude Include="TestSzene.h">
      <Filter>Headerdateien</Filter>
    </ClInclude>
    <ClInclude Include="TextObject.h">
      <Filter>Headerdateien\Graphics</Filter>
    </ClInclude>
    <ClInclude Include="BaseObject.h">
      <Filter>Headerdateien\Graphics</Filter>
    </ClInclude>
    <ClInclude Include="CircleShapeObject.h">
      <Filter>Headerdateien\Graphics</Filter>
    </ClInclude>
    <ClInclude Include="BlueChicken.h">
      <Filter>Headerdateien</Filter>
    </ClInclude>
    <ClInclude Include="GameEngine.h">
      <Filter>Headerdateien\System</Filter>
    </ClInclude>
    <ClInclude Include="PhysicWorld.h">
      <Filter>Headerdateien\Physics</Filter>
    </ClInclude>
    <ClInclude Include="TestPhyiscs.h">
      <Filter>Headerdateien</Filter>
    </ClInclude>
  </ItemGroup>
</Project>